
Microsoft Visual Studio Solution File, Format Version 12.00
# Visual Studio Version 16
VisualStudioVersion = 16.0.31702.278
MinimumVisualStudioVersion = 10.0.40219.1
Project("{FAE04EC0-301F-11D3-BF4B-00C04F79EFBC}") = "HelloWorld", "HelloWorld\HelloWorld.csproj", "{109906B6-E9F7-467B-B98F-7D45DDFF0EEB}"
EndProject
Global
	GlobalSection(SolutionConfigurationPlatforms) = preSolution
		Debug|Any CPU = Debug|Any CPU
		Release|Any CPU = Release|Any CPU
	EndGlobalSection
	GlobalSection(ProjectConfigurationPlatforms) = postSolution
		{109906B6-E9F7-467B-B98F-7D45DDFF0EEB}.Debug|Any CPU.ActiveCfg = Debug|Any CPU
		{109906B6-E9F7-467B-B98F-7D45DDFF0EEB}.Debug|Any CPU.Build.0 = Debug|Any CPU
		{109906B6-E9F7-467B-B98F-7D45DDFF0EEB}.Release|Any CPU.ActiveCfg = Release|Any CPU
		{109906B6-E9F7-467B-B98F-7D45DDFF0EEB}.Release|Any CPU.Build.0 = Release|Any CPU
	EndGlobalSection
	GlobalSection(SolutionProperties) = preSolution
		HideSolutionNode = FALSE
	EndGlobalSection
	GlobalSection(ExtensibilityGlobals) = postSolution
		SolutionGuid = {54CF8F4A-0479-4240-A1C8-3589BB2A9BF6}
	EndGlobalSection
EndGlobal
